{
  "object": {
    "pins": [
      {
        "package": "async-http-client",
        "repositoryURL": "https://github.com/val-verde/async-http-client.git",
        "state": {
          "branch": "dutch-master",
          "revision": "2f84e4746d7b98ec480a5ef513ce8c06f5aceaea",
          "version": null
        }
      },
      {
        "package": "async-kit",
        "repositoryURL": "https://github.com/val-verde/async-kit.git",
        "state": {
          "branch": "dutch-master",
          "revision": "8133d3e46b958467960364a4ba49688c17e3754e",
          "version": null
        }
      },
      {
        "package": "console-kit",
        "repositoryURL": "https://github.com/val-verde/console-kit.git",
        "state": {
          "branch": "dutch-master",
          "revision": "87d0a547e137ca06f751e2b6c4c28876065d85ff",
          "version": null
        }
      },
      {
        "package": "routing-kit",
        "repositoryURL": "https://github.com/vapor/routing-kit.git",
        "state": {
          "branch": null,
          "revision": "4cf052b78aebaf1b23f2264ce04d57b4b6eb5254",
          "version": "4.2.0"
        }
      },
      {
        "package": "swift-backtrace",
        "repositoryURL": "https://github.com/swift-server/swift-backtrace.git",
        "state": {
          "branch": null,
          "revision": "f2fd8c4845a123419c348e0bc4b3839c414077d5",
          "version": "1.2.0"
        }
      },
      {
        "package": "swift-crypto",
        "repositoryURL": "https://github.com/apple/swift-crypto.git",
        "state": {
          "branch": null,
          "revision": "9b9d1868601a199334da5d14f4ab2d37d4f8d0c5",
          "version": "1.0.2"
        }
      },
      {
        "package": "swift-metrics",
        "repositoryURL": "https://github.com/apple/swift-metrics.git",
        "state": {
          "branch": null,
          "revision": "708b960b4605abb20bc55d65abf6bad607252200",
          "version": "2.0.0"
        }
      },
      {
        "package": "swift-nio",
        "repositoryURL": "https://github.com/val-verde/swift-nio.git",
        "state": {
          "branch": "dutch-master",
          "revision": "9e8fc258412936443d440d2a91159a0f5b1fc6b4",
          "version": null
        }
      },
      {
        "package": "swift-nio-extras",
        "repositoryURL": "https://github.com/apple/swift-nio-extras.git",
        "state": {
          "branch": null,
          "revision": "e5b5d191a80667a14827bfeb0ae4a511f7677942",
          "version": "1.7.0"
        }
      },
      {
        "package": "swift-nio-http2",
        "repositoryURL": "https://github.com/apple/swift-nio-http2.git",
        "state": {
          "branch": null,
          "revision": "1e68e51752be0b43c5a0ef35818c1dd24d13e77c",
          "version": "1.14.1"
        }
      },
      {
        "package": "swift-nio-ssl",
        "repositoryURL": "https://github.com/apple/swift-nio-ssl.git",
        "state": {
          "branch": null,
          "revision": "ea1dfd64193bf5af4490635a4a44c4fb43b1e1ae",
          "version": "2.9.1"
        }
      },
      {
        "package": "swift-nio-transport-services",
        "repositoryURL": "https://github.com/apple/swift-nio-transport-services.git",
        "state": {
          "branch": null,
          "revision": "bb56586c4cab9a79dce6ec4738baddb5802c5de7",
          "version": "1.9.0"
        }
      },
      {
        "package": "vapor",
        "repositoryURL": "https://github.com/val-verde/vapor.git",
        "state": {
          "branch": "dutch-master",
          "revision": "33d063e2d54d143a0c713ceb985cd622b7055e6b",
          "version": null
        }
      },
      {
        "package": "websocket-kit",
        "repositoryURL": "https://github.com/vapor/websocket-kit.git",
        "state": {
          "branch": null,
          "revision": "b0736014be634475dac4c23843811257d86dcdc1",
          "version": "2.1.1"
        }
      }
    ]
  },
  "version": 1
}
